
Microsoft Visual Studio Solution File, Format Version 12.00
# Visual Studio Version 17
VisualStudioVersion = 17.5.33424.131
MinimumVisualStudioVersion = 10.0.40219.1
Project("{FAE04EC0-301F-11D3-BF4B-00C04F79EFBC}") = "UstALICI", "UstALICI.csproj", "{15BA48EB-A5AC-4A65-B131-07472426A855}"
EndProject
Global
	GlobalSection(SolutionConfigurationPlatforms) = preSolution
		Debug|Any CPU = Debug|Any CPU
		Release|Any CPU = Release|Any CPU
	EndGlobalSection
	GlobalSection(ProjectConfigurationPlatforms) = postSolution
		{15BA48EB-A5AC-4A65-B131-07472426A855}.Debug|Any CPU.ActiveCfg = Debug|Any CPU
		{15BA48EB-A5AC-4A65-B131-07472426A855}.Debug|Any CPU.Build.0 = Debug|Any CPU
		{15BA48EB-A5AC-4A65-B131-07472426A855}.Release|Any CPU.ActiveCfg = Release|Any CPU
		{15BA48EB-A5AC-4A65-B131-07472426A855}.Release|Any CPU.Build.0 = Release|Any CPU
	EndGlobalSection
	GlobalSection(SolutionProperties) = preSolution
		HideSolutionNode = FALSE
	EndGlobalSection
	GlobalSection(ExtensibilityGlobals) = postSolution
		SolutionGuid = {C450A6BE-D5DB-42BF-B860-767016B7FDD8}
	EndGlobalSection
EndGlobal
